<?xml version="1.0" encoding="utf-8"?>
<Project ToolsVersion="4.0" xmlns="http://schemas.microsoft.com/developer/msbuild/2003">
  <ItemGroup>
    <Filter Include="Source Files">
      <UniqueIdentifier>{4FC737F1-C7A5-4376-A066-2A32D752A2FF}</UniqueIdentifier>
      <Extensions>cpp;c;cc;cxx;def;odl;idl;hpj;bat;asm;asmx</Extensions>
    </Filter>
    <Filter Include="Header Files">
      <UniqueIdentifier>{93995380-89BD-4b04-88EB-625FBE52EBFB}</UniqueIdentifier>
      <Extensions>h;hh;hpp;hxx;hm;inl;inc;xsd</Extensions>
    </Filter>
    <Filter Include="Resource Files">
      <UniqueIdentifier>{67DA6AB6-F800-4c08-8B7A-83BB121AAD01}</UniqueIdentifier>
      <Extensions>rc;ico;cur;bmp;dlg;rc2;rct;bin;rgs;gif;jpg;jpeg;jpe;resx;tiff;tif;png;wav</Extensions>
    </Filter>
  </ItemGroup>
  <ItemGroup>
    <ClCompile Include="..\source\BidEuchreApp.cc">
      <Filter>Source Files</Filter>
    </ClCompile>
    <ClCompile Include="..\source\bridge\Bridge.cc">
      <Filter>Source Files</Filter>
    </ClCompile>
    <ClCompile Include="..\source\engine\AIPlayer.cc">
      <Filter>Source Files</Filter>
    </ClCompile>
    <ClCompile Include="..\source\engine\Game.cc">
      <Filter>Source Files</Filter>
    </ClCompile>
    <ClCompile Include="..\source\engine\GameThread.cc">
      <Filter>Source Files</Filter>
    </ClCompile>
    <ClCompile Include="..\source\engine\Player.cc">
      <Filter>Source Files</Filter>
    </ClCompile>
    <ClCompile Include="..\source\engine\Round.cc">
      <Filter>Source Files</Filter>
    </ClCompile>
    <ClCompile Include="..\source\engine\Trick.cc">
      <Filter>Source Files</Filter>
    </ClCompile>
    <ClCompile Include="..\source\model\Bid.cc">
      <Filter>Source Files</Filter>
    </ClCompile>
    <ClCompile Include="..\source\model\BidHistory.cc">
      <Filter>Source Files</Filter>
    </ClCompile>
    <ClCompile Include="..\source\model\Card.cc">
      <Filter>Source Files</Filter>
    </ClCompile>
    <ClCompile Include="..\source\model\Deck.cc">
      <Filter>Source Files</Filter>
    </ClCompile>
    <ClCompile Include="..\source\model\Hand.cc">
      <Filter>Source Files</Filter>
    </ClCompile>
    <ClCompile Include="..\source\model\Play.cc">
      <Filter>Source Files</Filter>
    </ClCompile>
    <ClCompile Include="..\source\model\RoundHistory.cc">
      <Filter>Source Files</Filter>
    </ClCompile>
    <ClCompile Include="..\source\model\Score.cc">
      <Filter>Source Files</Filter>
    </ClCompile>
    <ClCompile Include="..\source\model\Winner.cc">
      <Filter>Source Files</Filter>
    </ClCompile>
    <ClCompile Include="..\source\ui\BidDialog.cc">
      <Filter>Source Files</Filter>
    </ClCompile>
    <ClCompile Include="..\source\ui\EuchreFrame.cc">
      <Filter>Source Files</Filter>
    </ClCompile>
    <ClCompile Include="..\source\ui\GamePanel.cc">
      <Filter>Source Files</Filter>
    </ClCompile>
    <ClCompile Include="..\source\ui\GUI.cc">
      <Filter>Source Files</Filter>
    </ClCompile>
    <ClCompile Include="..\source\ui\GUIPlayer.cc">
      <Filter>Source Files</Filter>
    </ClCompile>
    <ClCompile Include="..\source\ui\HelpDialog.cc">
      <Filter>Source Files</Filter>
    </ClCompile>
    <ClCompile Include="..\source\ui\ScoreDialog.cc">
      <Filter>Source Files</Filter>
    </ClCompile>
    <ClCompile Include="..\source\ui\TextPlayer.cc">
      <Filter>Source Files</Filter>
    </ClCompile>
    <ClCompile Include="..\source\ui\TextUI.cc">
      <Filter>Source Files</Filter>
    </ClCompile>
    <ClCompile Include="..\source\ui\UI.cc">
      <Filter>Source Files</Filter>
    </ClCompile>
  </ItemGroup>
  <ItemGroup>
    <ClInclude Include="..\source\AppConstants.hh">
      <Filter>Header Files</Filter>
    </ClInclude>
    <ClInclude Include="..\source\BidEuchreApp.hh">
      <Filter>Header Files</Filter>
    </ClInclude>
    <ClInclude Include="..\source\bridge\Bridge.hh">
      <Filter>Header Files</Filter>
    </ClInclude>
    <ClInclude Include="..\source\engine\AIPlayer.hh">
      <Filter>Header Files</Filter>
    </ClInclude>
    <ClInclude Include="..\source\engine\Game.hh">
      <Filter>Header Files</Filter>
    </ClInclude>
    <ClInclude Include="..\source\engine\GameThread.hh">
      <Filter>Header Files</Filter>
    </ClInclude>
    <ClInclude Include="..\source\engine\Player.hh">
      <Filter>Header Files</Filter>
    </ClInclude>
    <ClInclude Include="..\source\engine\Round.hh">
      <Filter>Header Files</Filter>
    </ClInclude>
    <ClInclude Include="..\source\engine\Trick.hh">
      <Filter>Header Files</Filter>
    </ClInclude>
    <ClInclude Include="..\source\model\Bid.hh">
      <Filter>Header Files</Filter>
    </ClInclude>
    <ClInclude Include="..\source\model\BidHistory.hh">
      <Filter>Header Files</Filter>
    </ClInclude>
    <ClInclude Include="..\source\model\Card.hh">
      <Filter>Header Files</Filter>
    </ClInclude>
    <ClInclude Include="..\source\model\Deck.hh">
      <Filter>Header Files</Filter>
    </ClInclude>
    <ClInclude Include="..\source\model\Hand.hh">
      <Filter>Header Files</Filter>
    </ClInclude>
    <ClInclude Include="..\source\model\ModelConstants.hh">
      <Filter>Header Files</Filter>
    </ClInclude>
    <ClInclude Include="..\source\model\Play.hh">
      <Filter>Header Files</Filter>
    </ClInclude>
    <ClInclude Include="..\source\model\RoundHistory.hh">
      <Filter>Header Files</Filter>
    </ClInclude>
    <ClInclude Include="..\source\model\Score.hh">
      <Filter>Header Files</Filter>
    </ClInclude>
    <ClInclude Include="..\source\model\Winner.hh">
      <Filter>Header Files</Filter>
    </ClInclude>
    <ClInclude Include="..\source\ui\BidDialog.hh">
      <Filter>Header Files</Filter>
    </ClInclude>
    <ClInclude Include="..\source\ui\EuchreFrame.hh">
      <Filter>Header Files</Filter>
    </ClInclude>
    <ClInclude Include="..\source\ui\GamePanel.hh">
      <Filter>Header Files</Filter>
    </ClInclude>
    <ClInclude Include="..\source\ui\GUI.hh">
      <Filter>Header Files</Filter>
    </ClInclude>
    <ClInclude Include="..\source\ui\GUIPlayer.hh">
      <Filter>Header Files</Filter>
    </ClInclude>
    <ClInclude Include="..\source\ui\HelpDialog.hh">
      <Filter>Header Files</Filter>
    </ClInclude>
    <ClInclude Include="..\source\ui\ScoreDialog.hh">
      <Filter>Header Files</Filter>
    </ClInclude>
    <ClInclude Include="..\source\ui\TextPlayer.hh">
      <Filter>Header Files</Filter>
    </ClInclude>
    <ClInclude Include="..\source\ui\TextUI.hh">
      <Filter>Header Files</Filter>
    </ClInclude>
    <ClInclude Include="..\source\ui\UI.hh">
      <Filter>Header Files</Filter>
    </ClInclude>
    <ClInclude Include="..\source\ui\UIConstants.hh">
      <Filter>Header Files</Filter>
    </ClInclude>
  </ItemGroup>
</Project>